
Microsoft Visual Studio Solution File, Format Version 12.00
# Visual Studio 15
VisualStudioVersion = 15.0.27130.2010
MinimumVisualStudioVersion = 10.0.40219.1
Project("{FAE04EC0-301F-11D3-BF4B-00C04F79EFBC}") = "Polymorphism", "Polymorphism\Polymorphism.csproj", "{5B3C07C6-5941-4FED-BE78-36F4D7AFE75E}"
EndProject
Global
	GlobalSection(SolutionConfigurationPlatforms) = preSolution
		Debug|Any CPU = Debug|Any CPU
		Release|Any CPU = Release|Any CPU
	EndGlobalSection
	GlobalSection(ProjectConfigurationPlatforms) = postSolution
		{5B3C07C6-5941-4FED-BE78-36F4D7AFE75E}.Debug|Any CPU.ActiveCfg = Debug|Any CPU
		{5B3C07C6-5941-4FED-BE78-36F4D7AFE75E}.Debug|Any CPU.Build.0 = Debug|Any CPU
		{5B3C07C6-5941-4FED-BE78-36F4D7AFE75E}.Release|Any CPU.ActiveCfg = Release|Any CPU
		{5B3C07C6-5941-4FED-BE78-36F4D7AFE75E}.Release|Any CPU.Build.0 = Release|Any CPU
	EndGlobalSection
	GlobalSection(SolutionProperties) = preSolution
		HideSolutionNode = FALSE
	EndGlobalSection
	GlobalSection(ExtensibilityGlobals) = postSolution
		SolutionGuid = {621BE388-C60D-4442-8290-3684389E3B4C}
	EndGlobalSection
EndGlobal
