
Microsoft Visual Studio Solution File, Format Version 12.00
# Visual Studio 15
VisualStudioVersion = 15.0.28307.102
MinimumVisualStudioVersion = 10.0.40219.1
Project("{00D1A9C2-B5F0-4AF3-8072-F6C62B433612}") = "TMM.Database", "TMM.Database\TMM.Database.sqlproj", "{A6B93B5A-2BEB-4866-8DC5-0733C9BA3C8C}"
EndProject
Project("{FAE04EC0-301F-11D3-BF4B-00C04F79EFBC}") = "TMM.WebAPI", "TMM.WebAPI\TMM.WebAPI.csproj", "{10618D98-B9D7-4B7C-B310-68D4C7DE6BF1}"
EndProject
Project("{FAE04EC0-301F-11D3-BF4B-00C04F79EFBC}") = "TMM.UI", "TMM.UI\TMM.UI.csproj", "{D2724C3A-7C25-4D0C-810D-D6230DB94F1B}"
EndProject
Project("{FAE04EC0-301F-11D3-BF4B-00C04F79EFBC}") = "APIClient", "APIClient\APIClient.csproj", "{0B79682F-0485-4753-9C7E-90E185991DDB}"
EndProject
Global
	GlobalSection(SolutionConfigurationPlatforms) = preSolution
		Debug|Any CPU = Debug|Any CPU
		Release|Any CPU = Release|Any CPU
	EndGlobalSection
	GlobalSection(ProjectConfigurationPlatforms) = postSolution
		{A6B93B5A-2BEB-4866-8DC5-0733C9BA3C8C}.Debug|Any CPU.ActiveCfg = Debug|Any CPU
		{A6B93B5A-2BEB-4866-8DC5-0733C9BA3C8C}.Debug|Any CPU.Build.0 = Debug|Any CPU
		{A6B93B5A-2BEB-4866-8DC5-0733C9BA3C8C}.Debug|Any CPU.Deploy.0 = Debug|Any CPU
		{A6B93B5A-2BEB-4866-8DC5-0733C9BA3C8C}.Release|Any CPU.ActiveCfg = Release|Any CPU
		{A6B93B5A-2BEB-4866-8DC5-0733C9BA3C8C}.Release|Any CPU.Build.0 = Release|Any CPU
		{A6B93B5A-2BEB-4866-8DC5-0733C9BA3C8C}.Release|Any CPU.Deploy.0 = Release|Any CPU
		{10618D98-B9D7-4B7C-B310-68D4C7DE6BF1}.Debug|Any CPU.ActiveCfg = Debug|Any CPU
		{10618D98-B9D7-4B7C-B310-68D4C7DE6BF1}.Debug|Any CPU.Build.0 = Debug|Any CPU
		{10618D98-B9D7-4B7C-B310-68D4C7DE6BF1}.Release|Any CPU.ActiveCfg = Release|Any CPU
		{10618D98-B9D7-4B7C-B310-68D4C7DE6BF1}.Release|Any CPU.Build.0 = Release|Any CPU
		{D2724C3A-7C25-4D0C-810D-D6230DB94F1B}.Debug|Any CPU.ActiveCfg = Debug|Any CPU
		{D2724C3A-7C25-4D0C-810D-D6230DB94F1B}.Debug|Any CPU.Build.0 = Debug|Any CPU
		{D2724C3A-7C25-4D0C-810D-D6230DB94F1B}.Release|Any CPU.ActiveCfg = Release|Any CPU
		{D2724C3A-7C25-4D0C-810D-D6230DB94F1B}.Release|Any CPU.Build.0 = Release|Any CPU
		{0B79682F-0485-4753-9C7E-90E185991DDB}.Debug|Any CPU.ActiveCfg = Debug|Any CPU
		{0B79682F-0485-4753-9C7E-90E185991DDB}.Debug|Any CPU.Build.0 = Debug|Any CPU
		{0B79682F-0485-4753-9C7E-90E185991DDB}.Release|Any CPU.ActiveCfg = Release|Any CPU
		{0B79682F-0485-4753-9C7E-90E185991DDB}.Release|Any CPU.Build.0 = Release|Any CPU
	EndGlobalSection
	GlobalSection(SolutionProperties) = preSolution
		HideSolutionNode = FALSE
	EndGlobalSection
	GlobalSection(ExtensibilityGlobals) = postSolution
		SolutionGuid = {38ED41E5-4E1A-4904-ADF3-B1F1D985776A}
	EndGlobalSection
EndGlobal
