
Microsoft Visual Studio Solution File, Format Version 12.00
# Visual Studio 15
VisualStudioVersion = 15.0.27130.2010
MinimumVisualStudioVersion = 10.0.40219.1
Project("{FAE04EC0-301F-11D3-BF4B-00C04F79EFBC}") = "Quadrilateral_Tests", "Quadrilateral_Tests\Quadrilateral_Tests.csproj", "{8F095AA3-0B1E-481E-A1E5-5213EC1E8185}"
EndProject
Project("{FAE04EC0-301F-11D3-BF4B-00C04F79EFBC}") = "Triangle_Tests", "Triangle_Tests\Triangle_Tests.csproj", "{6269F847-5028-4EB2-BCD7-2B6896AE4012}"
EndProject
Project("{FAE04EC0-301F-11D3-BF4B-00C04F79EFBC}") = "Shapes", "Shapes\Shapes.csproj", "{8550AD1C-8FEA-4983-B4A8-1FAC13461F56}"
EndProject
Project("{FAE04EC0-301F-11D3-BF4B-00C04F79EFBC}") = "ConsoleUI", "ConsoleUI\ConsoleUI.csproj", "{5087F9CA-18B9-4DEC-B253-7F8E69926AC9}"
EndProject
Project("{FAE04EC0-301F-11D3-BF4B-00C04F79EFBC}") = "ShapesTest", "ShapesTest\ShapesTest.csproj", "{BFC77DB3-754A-4A2C-8FED-DD2138616F10}"
EndProject
Global
	GlobalSection(SolutionConfigurationPlatforms) = preSolution
		Debug|Any CPU = Debug|Any CPU
		Release|Any CPU = Release|Any CPU
	EndGlobalSection
	GlobalSection(ProjectConfigurationPlatforms) = postSolution
		{8F095AA3-0B1E-481E-A1E5-5213EC1E8185}.Debug|Any CPU.ActiveCfg = Debug|Any CPU
		{8F095AA3-0B1E-481E-A1E5-5213EC1E8185}.Debug|Any CPU.Build.0 = Debug|Any CPU
		{8F095AA3-0B1E-481E-A1E5-5213EC1E8185}.Release|Any CPU.ActiveCfg = Release|Any CPU
		{8F095AA3-0B1E-481E-A1E5-5213EC1E8185}.Release|Any CPU.Build.0 = Release|Any CPU
		{6269F847-5028-4EB2-BCD7-2B6896AE4012}.Debug|Any CPU.ActiveCfg = Debug|Any CPU
		{6269F847-5028-4EB2-BCD7-2B6896AE4012}.Debug|Any CPU.Build.0 = Debug|Any CPU
		{6269F847-5028-4EB2-BCD7-2B6896AE4012}.Release|Any CPU.ActiveCfg = Release|Any CPU
		{6269F847-5028-4EB2-BCD7-2B6896AE4012}.Release|Any CPU.Build.0 = Release|Any CPU
		{8550AD1C-8FEA-4983-B4A8-1FAC13461F56}.Debug|Any CPU.ActiveCfg = Debug|Any CPU
		{8550AD1C-8FEA-4983-B4A8-1FAC13461F56}.Debug|Any CPU.Build.0 = Debug|Any CPU
		{8550AD1C-8FEA-4983-B4A8-1FAC13461F56}.Release|Any CPU.ActiveCfg = Release|Any CPU
		{8550AD1C-8FEA-4983-B4A8-1FAC13461F56}.Release|Any CPU.Build.0 = Release|Any CPU
		{5087F9CA-18B9-4DEC-B253-7F8E69926AC9}.Debug|Any CPU.ActiveCfg = Debug|Any CPU
		{5087F9CA-18B9-4DEC-B253-7F8E69926AC9}.Debug|Any CPU.Build.0 = Debug|Any CPU
		{5087F9CA-18B9-4DEC-B253-7F8E69926AC9}.Release|Any CPU.ActiveCfg = Release|Any CPU
		{5087F9CA-18B9-4DEC-B253-7F8E69926AC9}.Release|Any CPU.Build.0 = Release|Any CPU
		{BFC77DB3-754A-4A2C-8FED-DD2138616F10}.Debug|Any CPU.ActiveCfg = Debug|Any CPU
		{BFC77DB3-754A-4A2C-8FED-DD2138616F10}.Debug|Any CPU.Build.0 = Debug|Any CPU
		{BFC77DB3-754A-4A2C-8FED-DD2138616F10}.Release|Any CPU.ActiveCfg = Release|Any CPU
		{BFC77DB3-754A-4A2C-8FED-DD2138616F10}.Release|Any CPU.Build.0 = Release|Any CPU
	EndGlobalSection
	GlobalSection(SolutionProperties) = preSolution
		HideSolutionNode = FALSE
	EndGlobalSection
	GlobalSection(ExtensibilityGlobals) = postSolution
		SolutionGuid = {5A68DD64-AA52-4A98-8B4C-C87EE94A1446}
	EndGlobalSection
EndGlobal
