
Microsoft Visual Studio Solution File, Format Version 12.00
# Visual Studio 15
VisualStudioVersion = 15.0.27130.2010
MinimumVisualStudioVersion = 10.0.40219.1
Project("{00D1A9C2-B5F0-4AF3-8072-F6C62B433612}") = "Beacons", "Beacons\Beacons.sqlproj", "{287D1FBE-138F-47BB-AD23-0C182B501037}"
EndProject
Project("{FAE04EC0-301F-11D3-BF4B-00C04F79EFBC}") = "BeaconAPI", "BeaconAPI\BeaconAPI.csproj", "{43E67CB8-93A7-4C01-BFEB-8A7E7CDB44CB}"
EndProject
Global
	GlobalSection(SolutionConfigurationPlatforms) = preSolution
		Debug|Any CPU = Debug|Any CPU
		Release|Any CPU = Release|Any CPU
	EndGlobalSection
	GlobalSection(ProjectConfigurationPlatforms) = postSolution
		{287D1FBE-138F-47BB-AD23-0C182B501037}.Debug|Any CPU.ActiveCfg = Debug|Any CPU
		{287D1FBE-138F-47BB-AD23-0C182B501037}.Debug|Any CPU.Build.0 = Debug|Any CPU
		{287D1FBE-138F-47BB-AD23-0C182B501037}.Debug|Any CPU.Deploy.0 = Debug|Any CPU
		{287D1FBE-138F-47BB-AD23-0C182B501037}.Release|Any CPU.ActiveCfg = Release|Any CPU
		{287D1FBE-138F-47BB-AD23-0C182B501037}.Release|Any CPU.Build.0 = Release|Any CPU
		{287D1FBE-138F-47BB-AD23-0C182B501037}.Release|Any CPU.Deploy.0 = Release|Any CPU
		{43E67CB8-93A7-4C01-BFEB-8A7E7CDB44CB}.Debug|Any CPU.ActiveCfg = Debug|Any CPU
		{43E67CB8-93A7-4C01-BFEB-8A7E7CDB44CB}.Debug|Any CPU.Build.0 = Debug|Any CPU
		{43E67CB8-93A7-4C01-BFEB-8A7E7CDB44CB}.Release|Any CPU.ActiveCfg = Release|Any CPU
		{43E67CB8-93A7-4C01-BFEB-8A7E7CDB44CB}.Release|Any CPU.Build.0 = Release|Any CPU
	EndGlobalSection
	GlobalSection(SolutionProperties) = preSolution
		HideSolutionNode = FALSE
	EndGlobalSection
	GlobalSection(ExtensibilityGlobals) = postSolution
		SolutionGuid = {8105F260-248B-45BE-B766-B987C733E6FC}
	EndGlobalSection
EndGlobal
