
Microsoft Visual Studio Solution File, Format Version 12.00
# Visual Studio 15
VisualStudioVersion = 15.0.27703.2042
MinimumVisualStudioVersion = 10.0.40219.1
Project("{FAE04EC0-301F-11D3-BF4B-00C04F79EFBC}") = "ConsoleUI", "ConsoleUI\ConsoleUI.csproj", "{C1D09A00-2D5B-4C7D-9075-B60BD639BD36}"
EndProject
Project("{FAE04EC0-301F-11D3-BF4B-00C04F79EFBC}") = "AdminSystem", "AdminSystem\AdminSystem.csproj", "{E7464556-02F2-4B04-8B8B-9520D3DA1699}"
EndProject
Project("{FAE04EC0-301F-11D3-BF4B-00C04F79EFBC}") = "AdminSystem.Tests", "AdminSystem.Tests\AdminSystem.Tests.csproj", "{CE9BE7F0-F7A0-4B22-9A5A-9868D8DED94D}"
EndProject
Global
	GlobalSection(SolutionConfigurationPlatforms) = preSolution
		Debug|Any CPU = Debug|Any CPU
		Release|Any CPU = Release|Any CPU
	EndGlobalSection
	GlobalSection(ProjectConfigurationPlatforms) = postSolution
		{C1D09A00-2D5B-4C7D-9075-B60BD639BD36}.Debug|Any CPU.ActiveCfg = Debug|Any CPU
		{C1D09A00-2D5B-4C7D-9075-B60BD639BD36}.Debug|Any CPU.Build.0 = Debug|Any CPU
		{C1D09A00-2D5B-4C7D-9075-B60BD639BD36}.Release|Any CPU.ActiveCfg = Release|Any CPU
		{C1D09A00-2D5B-4C7D-9075-B60BD639BD36}.Release|Any CPU.Build.0 = Release|Any CPU
		{E7464556-02F2-4B04-8B8B-9520D3DA1699}.Debug|Any CPU.ActiveCfg = Debug|Any CPU
		{E7464556-02F2-4B04-8B8B-9520D3DA1699}.Debug|Any CPU.Build.0 = Debug|Any CPU
		{E7464556-02F2-4B04-8B8B-9520D3DA1699}.Release|Any CPU.ActiveCfg = Release|Any CPU
		{E7464556-02F2-4B04-8B8B-9520D3DA1699}.Release|Any CPU.Build.0 = Release|Any CPU
		{CE9BE7F0-F7A0-4B22-9A5A-9868D8DED94D}.Debug|Any CPU.ActiveCfg = Debug|Any CPU
		{CE9BE7F0-F7A0-4B22-9A5A-9868D8DED94D}.Debug|Any CPU.Build.0 = Debug|Any CPU
		{CE9BE7F0-F7A0-4B22-9A5A-9868D8DED94D}.Release|Any CPU.ActiveCfg = Release|Any CPU
		{CE9BE7F0-F7A0-4B22-9A5A-9868D8DED94D}.Release|Any CPU.Build.0 = Release|Any CPU
	EndGlobalSection
	GlobalSection(SolutionProperties) = preSolution
		HideSolutionNode = FALSE
	EndGlobalSection
	GlobalSection(ExtensibilityGlobals) = postSolution
		SolutionGuid = {6211C19E-CAB7-424C-90A4-F7FF04940F7E}
	EndGlobalSection
EndGlobal
