
Microsoft Visual Studio Solution File, Format Version 12.00
# Visual Studio 15
VisualStudioVersion = 15.0.27130.2010
MinimumVisualStudioVersion = 10.0.40219.1
Project("{FAE04EC0-301F-11D3-BF4B-00C04F79EFBC}") = "WeaponLibrary", "WeaponLibrary\WeaponLibrary.csproj", "{76EC90AE-C610-4DFE-81EC-62D7F5A77888}"
EndProject
Project("{FAE04EC0-301F-11D3-BF4B-00C04F79EFBC}") = "GameUI", "GameUI\GameUI.csproj", "{428ED87D-6271-4A6D-870C-F8E118F43479}"
EndProject
Project("{FAE04EC0-301F-11D3-BF4B-00C04F79EFBC}") = "GameLibrary", "PlayerLibrary\GameLibrary.csproj", "{13B6B4AA-04BC-466D-84B7-1174C89C0BCB}"
EndProject
Global
	GlobalSection(SolutionConfigurationPlatforms) = preSolution
		Debug|Any CPU = Debug|Any CPU
		Release|Any CPU = Release|Any CPU
	EndGlobalSection
	GlobalSection(ProjectConfigurationPlatforms) = postSolution
		{76EC90AE-C610-4DFE-81EC-62D7F5A77888}.Debug|Any CPU.ActiveCfg = Debug|Any CPU
		{76EC90AE-C610-4DFE-81EC-62D7F5A77888}.Debug|Any CPU.Build.0 = Debug|Any CPU
		{76EC90AE-C610-4DFE-81EC-62D7F5A77888}.Release|Any CPU.ActiveCfg = Release|Any CPU
		{76EC90AE-C610-4DFE-81EC-62D7F5A77888}.Release|Any CPU.Build.0 = Release|Any CPU
		{428ED87D-6271-4A6D-870C-F8E118F43479}.Debug|Any CPU.ActiveCfg = Debug|Any CPU
		{428ED87D-6271-4A6D-870C-F8E118F43479}.Debug|Any CPU.Build.0 = Debug|Any CPU
		{428ED87D-6271-4A6D-870C-F8E118F43479}.Release|Any CPU.ActiveCfg = Release|Any CPU
		{428ED87D-6271-4A6D-870C-F8E118F43479}.Release|Any CPU.Build.0 = Release|Any CPU
		{13B6B4AA-04BC-466D-84B7-1174C89C0BCB}.Debug|Any CPU.ActiveCfg = Debug|Any CPU
		{13B6B4AA-04BC-466D-84B7-1174C89C0BCB}.Debug|Any CPU.Build.0 = Debug|Any CPU
		{13B6B4AA-04BC-466D-84B7-1174C89C0BCB}.Release|Any CPU.ActiveCfg = Release|Any CPU
		{13B6B4AA-04BC-466D-84B7-1174C89C0BCB}.Release|Any CPU.Build.0 = Release|Any CPU
	EndGlobalSection
	GlobalSection(SolutionProperties) = preSolution
		HideSolutionNode = FALSE
	EndGlobalSection
	GlobalSection(ExtensibilityGlobals) = postSolution
		SolutionGuid = {6E770AAB-AFCC-4DCA-A0C8-7F49327C4C54}
	EndGlobalSection
EndGlobal
