
Microsoft Visual Studio Solution File, Format Version 12.00
# Visual Studio 15
VisualStudioVersion = 15.0.27703.2047
MinimumVisualStudioVersion = 10.0.40219.1
Project("{00D1A9C2-B5F0-4AF3-8072-F6C62B433612}") = "EF_Db", "EF_Db\EF_Db.sqlproj", "{C3663823-F9BA-4791-A1C2-8774D85D1AFF}"
EndProject
Project("{FAE04EC0-301F-11D3-BF4B-00C04F79EFBC}") = "WebApi", "WebApi\WebApi.csproj", "{DB88DA63-3C72-4FBD-91B6-4B3C8FD03264}"
EndProject
Global
	GlobalSection(SolutionConfigurationPlatforms) = preSolution
		Debug|Any CPU = Debug|Any CPU
		Release|Any CPU = Release|Any CPU
	EndGlobalSection
	GlobalSection(ProjectConfigurationPlatforms) = postSolution
		{C3663823-F9BA-4791-A1C2-8774D85D1AFF}.Debug|Any CPU.ActiveCfg = Debug|Any CPU
		{C3663823-F9BA-4791-A1C2-8774D85D1AFF}.Debug|Any CPU.Build.0 = Debug|Any CPU
		{C3663823-F9BA-4791-A1C2-8774D85D1AFF}.Debug|Any CPU.Deploy.0 = Debug|Any CPU
		{C3663823-F9BA-4791-A1C2-8774D85D1AFF}.Release|Any CPU.ActiveCfg = Release|Any CPU
		{C3663823-F9BA-4791-A1C2-8774D85D1AFF}.Release|Any CPU.Build.0 = Release|Any CPU
		{C3663823-F9BA-4791-A1C2-8774D85D1AFF}.Release|Any CPU.Deploy.0 = Release|Any CPU
		{DB88DA63-3C72-4FBD-91B6-4B3C8FD03264}.Debug|Any CPU.ActiveCfg = Debug|Any CPU
		{DB88DA63-3C72-4FBD-91B6-4B3C8FD03264}.Debug|Any CPU.Build.0 = Debug|Any CPU
		{DB88DA63-3C72-4FBD-91B6-4B3C8FD03264}.Release|Any CPU.ActiveCfg = Release|Any CPU
		{DB88DA63-3C72-4FBD-91B6-4B3C8FD03264}.Release|Any CPU.Build.0 = Release|Any CPU
	EndGlobalSection
	GlobalSection(SolutionProperties) = preSolution
		HideSolutionNode = FALSE
	EndGlobalSection
	GlobalSection(ExtensibilityGlobals) = postSolution
		SolutionGuid = {A4D7AC69-5EDD-4968-BD93-981416241B7D}
	EndGlobalSection
EndGlobal
